{
  "name": "fp-guild-fe",
  "version": "1.0.0",
  "lockfileVersion": 2,
  "requires": true,
  "packages": {
    "": {
      "name": "fp-guild-fe",
      "version": "1.0.0",
      "license": "ISC",
      "dependencies": {
        "fp-ts": "^2.12.3",
        "lodash": "^4.17.21",
        "ramda": "^0.28.0",
        "shades": "^2.2.0"
      }
    },
    "node_modules/fp-ts": {
      "version": "2.12.3",
      "resolved": "https://registry.npmjs.org/fp-ts/-/fp-ts-2.12.3.tgz",
      "integrity": "sha512-8m0XvW8kZbfnJOA4NvSVXu95mLbPf4LQGwQyqVukIYS4KzSNJiyKSmuZUmbVHteUi6MGkAJGPb0goPZqI+Tsqg=="
    },
    "node_modules/lodash": {
      "version": "4.17.21",
      "resolved": "https://registry.npmjs.org/lodash/-/lodash-4.17.21.tgz",
      "integrity": "sha512-v2kDEe57lecTulaDIuNTPy3Ry4gLGJ6Z1O3vE1krgXZNrsQ+LFTGHVxVjcXPs17LhbZVGedAJv8XZ1tvj5FvSg=="
    },
    "node_modules/ramda": {
      "version": "0.28.0",
      "resolved": "https://registry.npmjs.org/ramda/-/ramda-0.28.0.tgz",
      "integrity": "sha512-9QnLuG/kPVgWvMQ4aODhsBUFKOUmnbUnsSXACv+NCQZcHbeb+v8Lodp8OVxtRULN1/xOyYLLaL6npE6dMq5QTA==",
      "funding": {
        "type": "opencollective",
        "url": "https://opencollective.com/ramda"
      }
    },
    "node_modules/shades": {
      "version": "2.2.0",
      "resolved": "https://registry.npmjs.org/shades/-/shades-2.2.0.tgz",
      "integrity": "sha512-MXdFzFoYCQgL+YV1jLRall9AONOKnbEez97GEfCTPSACNR/Pnh+qC1M54YfV9LYDP4UNzL+1SjK1gZFNfsbM7Q==",
      "bin": {
        "shades": "playground/index.js"
      }
    }
  },
  "dependencies": {
    "fp-ts": {
      "version": "2.12.3",
      "resolved": "https://registry.npmjs.org/fp-ts/-/fp-ts-2.12.3.tgz",
      "integrity": "sha512-8m0XvW8kZbfnJOA4NvSVXu95mLbPf4LQGwQyqVukIYS4KzSNJiyKSmuZUmbVHteUi6MGkAJGPb0goPZqI+Tsqg=="
    },
    "lodash": {
      "version": "4.17.21",
      "resolved": "https://registry.npmjs.org/lodash/-/lodash-4.17.21.tgz",
      "integrity": "sha512-v2kDEe57lecTulaDIuNTPy3Ry4gLGJ6Z1O3vE1krgXZNrsQ+LFTGHVxVjcXPs17LhbZVGedAJv8XZ1tvj5FvSg=="
    },
    "ramda": {
      "version": "0.28.0",
      "resolved": "https://registry.npmjs.org/ramda/-/ramda-0.28.0.tgz",
      "integrity": "sha512-9QnLuG/kPVgWvMQ4aODhsBUFKOUmnbUnsSXACv+NCQZcHbeb+v8Lodp8OVxtRULN1/xOyYLLaL6npE6dMq5QTA=="
    },
    "shades": {
      "version": "2.2.0",
      "resolved": "https://registry.npmjs.org/shades/-/shades-2.2.0.tgz",
      "integrity": "sha512-MXdFzFoYCQgL+YV1jLRall9AONOKnbEez97GEfCTPSACNR/Pnh+qC1M54YfV9LYDP4UNzL+1SjK1gZFNfsbM7Q=="
    }
  }
}
